
Microsoft Visual Studio Solution File, Format Version 12.00
# Visual Studio 15
VisualStudioVersion = 15.0.27004.2006
MinimumVisualStudioVersion = 10.0.40219.1
Project("{F2A71F9B-5D33-465A-A702-920D77279786}") = "OrderTaking", "src\OrderTaking\OrderTaking.fsproj", "{E6B8D241-5858-434D-8541-D4D037A7BA6E}"
EndProject
Project("{F2A71F9B-5D33-465A-A702-920D77279786}") = "Chapters", "src\Chapters\Chapters.fsproj", "{A6F2CA1F-DAD6-4F51-B3F1-D6F20553935A}"
EndProject
Project("{2150E333-8FDC-42A3-9474-1A3956D46DE8}") = "doc", "doc", "{1BB6FB10-517C-4582-A4C4-4944DC6AD5ED}"
	ProjectSection(SolutionItems) = preProject
		paket.dependencies = paket.dependencies
		README.md = README.md
	EndProjectSection
EndProject
Project("{F2A71F9B-5D33-465A-A702-920D77279786}") = "OrderTakingEvolved", "src\OrderTakingEvolved\OrderTakingEvolved.fsproj", "{6AFAF0E7-839C-49FE-857A-6277B07A1393}"
EndProject
Project("{2150E333-8FDC-42A3-9474-1A3956D46DE8}") = "build", "build", "{AB99A40C-DC34-411F-B3C0-6FD9E9A39224}"
	ProjectSection(SolutionItems) = preProject
		build.cmd = build.cmd
		build.fsx = build.fsx
		build.sh = build.sh
		paket.dependencies = paket.dependencies
		restore-packages.cmd = restore-packages.cmd
		restore-packages.sh = restore-packages.sh
	EndProjectSection
EndProject
Global
	GlobalSection(SolutionConfigurationPlatforms) = preSolution
		Debug|Any CPU = Debug|Any CPU
		Release|Any CPU = Release|Any CPU
	EndGlobalSection
	GlobalSection(ProjectConfigurationPlatforms) = postSolution
		{E6B8D241-5858-434D-8541-D4D037A7BA6E}.Debug|Any CPU.ActiveCfg = Debug|Any CPU
		{E6B8D241-5858-434D-8541-D4D037A7BA6E}.Debug|Any CPU.Build.0 = Debug|Any CPU
		{E6B8D241-5858-434D-8541-D4D037A7BA6E}.Release|Any CPU.ActiveCfg = Release|Any CPU
		{E6B8D241-5858-434D-8541-D4D037A7BA6E}.Release|Any CPU.Build.0 = Release|Any CPU
		{A6F2CA1F-DAD6-4F51-B3F1-D6F20553935A}.Debug|Any CPU.ActiveCfg = Debug|Any CPU
		{A6F2CA1F-DAD6-4F51-B3F1-D6F20553935A}.Release|Any CPU.ActiveCfg = Release|Any CPU
		{A6F2CA1F-DAD6-4F51-B3F1-D6F20553935A}.Release|Any CPU.Build.0 = Release|Any CPU
		{6AFAF0E7-839C-49FE-857A-6277B07A1393}.Debug|Any CPU.ActiveCfg = Debug|Any CPU
		{6AFAF0E7-839C-49FE-857A-6277B07A1393}.Debug|Any CPU.Build.0 = Debug|Any CPU
		{6AFAF0E7-839C-49FE-857A-6277B07A1393}.Release|Any CPU.ActiveCfg = Release|Any CPU
		{6AFAF0E7-839C-49FE-857A-6277B07A1393}.Release|Any CPU.Build.0 = Release|Any CPU
	EndGlobalSection
	GlobalSection(SolutionProperties) = preSolution
		HideSolutionNode = FALSE
	EndGlobalSection
	GlobalSection(ExtensibilityGlobals) = postSolution
		SolutionGuid = {04D599E8-A1AE-442D-A251-5575D8F7C5C3}
	EndGlobalSection
EndGlobal
